schema: '2.0'
stages:
  autolabel:
    cmd: python scripts/20_autolabel.py --dataset v1
    deps:
    - path: configs/labeling.yaml
      hash: md5
      md5: 032902dac550b8b56bd8303369c41815
      size: 1424
    - path: data/raw/v1
      hash: md5
      md5: 71bd60df4924e3351b02128789f6e996.dir
      size: 448055994
      nfiles: 4832
    - path: scripts/20_autolabel.py
      hash: md5
      md5: d64098c9c9c57f1ffcfe378a9a15d0f5
      size: 3901
    - path: src/driveloop/data/autolabel.py
      hash: md5
      md5: c79fc6c583b593b97492a2e47915cb08
      size: 8410
    - path: src/driveloop/data/geometry.py
      hash: md5
      md5: df3447395a5bdf65ce7d3c03b029726d
      size: 3132
    outs:
    - path: data/processed/v1/labels
      hash: md5
      md5: 16e9de27dded14a23c1274e32097af83.dir
      size: 1743888
      nfiles: 17
  metadata:
    cmd: python scripts/22_build_metadata.py --dataset v1
    deps:
    - path: configs/qc.yaml
      hash: md5
      md5: 75a995c6155b5d31094291b0626d8d2f
      size: 548
    - path: data/processed/v1/labels
      hash: md5
      md5: 16e9de27dded14a23c1274e32097af83.dir
      size: 1743888
      nfiles: 17
    - path: data/raw/v1
      hash: md5
      md5: 71bd60df4924e3351b02128789f6e996.dir
      size: 448055994
      nfiles: 4832
    - path: scripts/22_build_metadata.py
      hash: md5
      md5: 0136d8f0822e7e3a6478fb43f9c1708a
      size: 4344
    - path: src/driveloop/data/metadata.py
      hash: md5
      md5: bf38d0f7c52d7c929d90b4b21a7a4b46
      size: 6979
    outs:
    - path: data/processed/v1/frames.parquet
      hash: md5
      md5: 4a02b46fa77c17aadf81fa8bf56ab860
      size: 126670
    - path: data/processed/v1/objects.parquet
      hash: md5
      md5: de7c4c28f8cf99eefb448b71f83bec7d
      size: 146525
    - path: data/processed/v1/qc_report.json
      hash: md5
      md5: d8e5016f80fb313acba338f6ab7ff94b
      size: 681
  dedup:
    cmd: python scripts/23_dedup.py --dataset v1 --samples 0
    deps:
    - path: configs/dedup.yaml
      hash: md5
      md5: 1b7bcd563d2e90eacb8d9d39ac754680
      size: 715
    - path: data/processed/v1/frames.parquet
      hash: md5
      md5: 4a02b46fa77c17aadf81fa8bf56ab860
      size: 126670
    - path: scripts/23_dedup.py
      hash: md5
      md5: b0106932856bfbeac0098953a8769ca1
      size: 4088
    - path: src/driveloop/data/dedup.py
      hash: md5
      md5: b9ac4a9bd91da90d04abbaf2b6109a78
      size: 2120
    outs:
    - path: data/processed/v1/dedup.parquet
      hash: md5
      md5: 7b5fc8e4b673e5598701e0cfeb38a031
      size: 14407
    - path: data/processed/v1/dedup_report.json
      hash: md5
      md5: 174dae1f6e5edc5d969cffcd76315eb4
      size: 721
  export:
    cmd: python scripts/24_export_yolo.py --config configs/export/v1.yaml
    deps:
    - path: configs/export/v1.yaml
      hash: md5
      md5: 0134045b8d0fcf9ae9d872c39ceabeeb
      size: 1046
    - path: data/processed/v1/dedup.parquet
      hash: md5
      md5: 7b5fc8e4b673e5598701e0cfeb38a031
      size: 14407
    - path: data/processed/v1/frames.parquet
      hash: md5
      md5: 4a02b46fa77c17aadf81fa8bf56ab860
      size: 126670
    - path: data/processed/v1/labels
      hash: md5
      md5: 16e9de27dded14a23c1274e32097af83.dir
      size: 1743888
      nfiles: 17
    - path: data/processed/v1/objects.parquet
      hash: md5
      md5: de7c4c28f8cf99eefb448b71f83bec7d
      size: 146525
    - path: data/raw/v1
      hash: md5
      md5: 71bd60df4924e3351b02128789f6e996.dir
      size: 448055994
      nfiles: 4832
    - path: scripts/24_export_yolo.py
      hash: md5
      md5: f1219970b7e83365e18b6b26f2f0e8c4
      size: 5961
    - path: src/driveloop/data/export.py
      hash: md5
      md5: b0bc99c61b86882b43376e047fe73978
      size: 1868
    outs:
    - path: data/datasets/v1
      hash: md5
      md5: 6b94cfb11cdd24e968523727e542725c.dir
      size: 308761726
      nfiles: 3369
  report:
    cmd: python scripts/25_distribution_report.py --config configs/report.yaml
    deps:
    - path: configs/report.yaml
      hash: md5
      md5: fa25db601bd46c3ba6692019d2e3f4cf
      size: 679
    - path: data/datasets/v1
      hash: md5
      md5: 6b94cfb11cdd24e968523727e542725c.dir
      size: 308761726
      nfiles: 3369
    - path: scripts/25_distribution_report.py
      hash: md5
      md5: d5acc2a3e52a00ccb9a43b627666d82b
      size: 13706
    outs:
    - path: data/reports/v1/distribution.html
      hash: md5
      md5: 820c5c013b82d8c8d0e328708a650e7e
      size: 17081
    - path: data/reports/v1/distribution_report.json
      hash: md5
      md5: e6af8d2c3a5ece2d218d3e22978c6a6d
      size: 3301
  autolabel@v1:
    cmd: python scripts/20_autolabel.py --dataset v1
    deps:
    - path: configs/labeling.yaml
      hash: md5
      md5: f7e968708539005d53cb6201b80620ba
      size: 2128
    - path: data/raw/v1
      hash: md5
      md5: 71bd60df4924e3351b02128789f6e996.dir
      size: 448055994
      nfiles: 4832
    - path: scripts/20_autolabel.py
      hash: md5
      md5: d64098c9c9c57f1ffcfe378a9a15d0f5
      size: 3901
    - path: src/driveloop/data/autolabel.py
      hash: md5
      md5: 6588e7d392d267c3f3668e91a2c2be29
      size: 10401
    - path: src/driveloop/data/geometry.py
      hash: md5
      md5: df3447395a5bdf65ce7d3c03b029726d
      size: 3132
    outs:
    - path: data/processed/v1/labels
      hash: md5
      md5: 8b4d5669625d47d3bd713057242c03ac.dir
      size: 1758201
      nfiles: 17
  autolabel@v2:
    cmd: python scripts/20_autolabel.py --dataset v2
    deps:
    - path: configs/labeling.yaml
      hash: md5
      md5: f7e968708539005d53cb6201b80620ba
      size: 2128
    - path: data/raw/v2
      hash: md5
      md5: 9bc5ce4dfffe410ae85f139338021827.dir
      size: 796698245
      nfiles: 8356
    - path: scripts/20_autolabel.py
      hash: md5
      md5: d64098c9c9c57f1ffcfe378a9a15d0f5
      size: 3901
    - path: src/driveloop/data/autolabel.py
      hash: md5
      md5: 6588e7d392d267c3f3668e91a2c2be29
      size: 10401
    - path: src/driveloop/data/geometry.py
      hash: md5
      md5: df3447395a5bdf65ce7d3c03b029726d
      size: 3132
    outs:
    - path: data/processed/v2/labels
      hash: md5
      md5: 17d842b40336d01e7242c456fe8cbacc.dir
      size: 4638809
      nfiles: 25
  metadata@v1:
    cmd: python scripts/22_build_metadata.py --dataset v1
    deps:
    - path: configs/qc.yaml
      hash: md5
      md5: 75a995c6155b5d31094291b0626d8d2f
      size: 548
    - path: data/processed/v1/labels
      hash: md5
      md5: 8b4d5669625d47d3bd713057242c03ac.dir
      size: 1758201
      nfiles: 17
    - path: data/raw/v1
      hash: md5
      md5: 71bd60df4924e3351b02128789f6e996.dir
      size: 448055994
      nfiles: 4832
    - path: scripts/22_build_metadata.py
      hash: md5
      md5: 0136d8f0822e7e3a6478fb43f9c1708a
      size: 4344
    - path: src/driveloop/data/metadata.py
      hash: md5
      md5: 34a4fa20871657b4fded999e137618b2
      size: 7194
    outs:
    - path: data/processed/v1/frames.parquet
      hash: md5
      md5: da923763167940f907b3180b07411231
      size: 128503
    - path: data/processed/v1/objects.parquet
      hash: md5
      md5: 0d07516086247410f634b10fa76390cb
      size: 154405
    - path: data/processed/v1/qc_report.json
      hash: md5
      md5: 89840635bdb011744d1049873e043801
      size: 681
  metadata@v2:
    cmd: python scripts/22_build_metadata.py --dataset v2
    deps:
    - path: configs/qc.yaml
      hash: md5
      md5: 75a995c6155b5d31094291b0626d8d2f
      size: 548
    - path: data/processed/v2/labels
      hash: md5
      md5: 17d842b40336d01e7242c456fe8cbacc.dir
      size: 4638809
      nfiles: 25
    - path: data/raw/v2
      hash: md5
      md5: 9bc5ce4dfffe410ae85f139338021827.dir
      size: 796698245
      nfiles: 8356
    - path: scripts/22_build_metadata.py
      hash: md5
      md5: 0136d8f0822e7e3a6478fb43f9c1708a
      size: 4344
    - path: src/driveloop/data/metadata.py
      hash: md5
      md5: 34a4fa20871657b4fded999e137618b2
      size: 7194
    outs:
    - path: data/processed/v2/frames.parquet
      hash: md5
      md5: cad3416622b9c045af70c0247b0ce7aa
      size: 185627
    - path: data/processed/v2/objects.parquet
      hash: md5
      md5: d472734ee385e769ba63b1c035ee66ed
      size: 300811
    - path: data/processed/v2/qc_report.json
      hash: md5
      md5: 17de450ede083e7acec7e19ef0f98da3
      size: 685
  dedup@v1:
    cmd: python scripts/23_dedup.py --dataset v1 --samples 0
    deps:
    - path: configs/dedup.yaml
      hash: md5
      md5: 1b7bcd563d2e90eacb8d9d39ac754680
      size: 715
    - path: data/processed/v1/frames.parquet
      hash: md5
      md5: da923763167940f907b3180b07411231
      size: 128503
    - path: scripts/23_dedup.py
      hash: md5
      md5: b0106932856bfbeac0098953a8769ca1
      size: 4088
    - path: src/driveloop/data/dedup.py
      hash: md5
      md5: badc68bbedcb2b1f0e7026eb36d3eaaa
      size: 2150
    outs:
    - path: data/processed/v1/dedup.parquet
      hash: md5
      md5: 0c3f298337ab9fd46a1b861d0b7bbcab
      size: 14413
    - path: data/processed/v1/dedup_report.json
      hash: md5
      md5: 8548ac8aa9906f92812ea8f3c379edc2
      size: 769
  dedup@v2:
    cmd: python scripts/23_dedup.py --dataset v2 --samples 0
    deps:
    - path: configs/dedup.yaml
      hash: md5
      md5: 1b7bcd563d2e90eacb8d9d39ac754680
      size: 715
    - path: data/processed/v2/frames.parquet
      hash: md5
      md5: cad3416622b9c045af70c0247b0ce7aa
      size: 185627
    - path: scripts/23_dedup.py
      hash: md5
      md5: b0106932856bfbeac0098953a8769ca1
      size: 4088
    - path: src/driveloop/data/dedup.py
      hash: md5
      md5: badc68bbedcb2b1f0e7026eb36d3eaaa
      size: 2150
    outs:
    - path: data/processed/v2/dedup.parquet
      hash: md5
      md5: 1e291e512c4049518eea20bc251430bf
      size: 20333
    - path: data/processed/v2/dedup_report.json
      hash: md5
      md5: 641283efc28e1d619a397040f7a1aee8
      size: 777
  export_v1:
    cmd: python scripts/24_export_yolo.py --config configs/export/v1.yaml
    deps:
    - path: configs/export/v1.yaml
      hash: md5
      md5: a24c7cc9485ccab78eda696857af05b2
      size: 1072
    - path: data/processed/v1/dedup.parquet
      hash: md5
      md5: 7b5fc8e4b673e5598701e0cfeb38a031
      size: 14407
    - path: data/processed/v1/frames.parquet
      hash: md5
      md5: 4a02b46fa77c17aadf81fa8bf56ab860
      size: 126670
    - path: data/processed/v1/labels
      hash: md5
      md5: 16e9de27dded14a23c1274e32097af83.dir
      size: 1743888
      nfiles: 17
    - path: data/processed/v1/objects.parquet
      hash: md5
      md5: de7c4c28f8cf99eefb448b71f83bec7d
      size: 146525
    - path: data/raw/v1
      hash: md5
      md5: 71bd60df4924e3351b02128789f6e996.dir
      size: 448055994
      nfiles: 4832
    - path: scripts/24_export_yolo.py
      hash: md5
      md5: dced3665b456ff9c702de2e8ca5f6a73
      size: 7090
    - path: src/driveloop/data/export.py
      hash: md5
      md5: ea2eea3b2dfb6555765d641d65fa14c3
      size: 2110
    outs:
    - path: data/datasets/v1
      hash: md5
      md5: 4f1a4f47fd20ca69ccda2ba87bb0dbb9.dir
      size: 308762283
      nfiles: 3369
  export_v2:
    cmd: python scripts/24_export_yolo.py --config configs/export/v2.yaml
    deps:
    - path: configs/export/v2.yaml
      hash: md5
      md5: 8739eae1d2e69164f1814378c453b17f
      size: 1145
    - path: data/processed/v1/dedup.parquet
      hash: md5
      md5: 7b5fc8e4b673e5598701e0cfeb38a031
      size: 14407
    - path: data/processed/v1/frames.parquet
      hash: md5
      md5: 4a02b46fa77c17aadf81fa8bf56ab860
      size: 126670
    - path: data/processed/v1/labels
      hash: md5
      md5: 16e9de27dded14a23c1274e32097af83.dir
      size: 1743888
      nfiles: 17
    - path: data/processed/v1/objects.parquet
      hash: md5
      md5: de7c4c28f8cf99eefb448b71f83bec7d
      size: 146525
    - path: data/processed/v2/dedup.parquet
      hash: md5
      md5: 365bc43fd8cf54dd2748b26ff0698b7f
      size: 20328
    - path: data/processed/v2/frames.parquet
      hash: md5
      md5: bb336890ae92660efa208cfb619d5806
      size: 183714
    - path: data/processed/v2/labels
      hash: md5
      md5: 2015f14c290cc09646729fa03404d31b.dir
      size: 4631405
      nfiles: 25
    - path: data/processed/v2/objects.parquet
      hash: md5
      md5: 6208f0ee7ad5dd675fdcaf99ac6a85cf
      size: 284300
    - path: data/raw/v1
      hash: md5
      md5: 71bd60df4924e3351b02128789f6e996.dir
      size: 448055994
      nfiles: 4832
    - path: data/raw/v2
      hash: md5
      md5: 9bc5ce4dfffe410ae85f139338021827.dir
      size: 796698245
      nfiles: 8356
    - path: scripts/24_export_yolo.py
      hash: md5
      md5: dced3665b456ff9c702de2e8ca5f6a73
      size: 7090
    - path: src/driveloop/data/export.py
      hash: md5
      md5: ea2eea3b2dfb6555765d641d65fa14c3
      size: 2110
    outs:
    - path: data/datasets/v2
      hash: md5
      md5: 61ce6607f73de7c6b217bffb9de0adcd.dir
      size: 748315931
      nfiles: 7977
  report@v1:
    cmd: python scripts/25_distribution_report.py --dataset v1 --config 
      configs/report.yaml
    deps:
    - path: configs/report.yaml
      hash: md5
      md5: 4846f89cbb325c20efff7a9b1427151c
      size: 777
    - path: data/datasets/v1
      hash: md5
      md5: 4f1a4f47fd20ca69ccda2ba87bb0dbb9.dir
      size: 308762283
      nfiles: 3369
    - path: scripts/25_distribution_report.py
      hash: md5
      md5: 04cff24b240259425097d51ec0d7aabe
      size: 14113
    outs:
    - path: data/reports/v1/distribution.html
      hash: md5
      md5: 547eef834da923109406b592be7e4d50
      size: 17079
    - path: data/reports/v1/distribution_report.json
      hash: md5
      md5: 37da324569b2105dc6ca9ce285338521
      size: 3347
  report@v2:
    cmd: python scripts/25_distribution_report.py --dataset v2 --config 
      configs/report.yaml
    deps:
    - path: configs/report.yaml
      hash: md5
      md5: 4846f89cbb325c20efff7a9b1427151c
      size: 777
    - path: data/datasets/v2
      hash: md5
      md5: 61ce6607f73de7c6b217bffb9de0adcd.dir
      size: 748315931
      nfiles: 7977
    - path: scripts/25_distribution_report.py
      hash: md5
      md5: 04cff24b240259425097d51ec0d7aabe
      size: 14113
    outs:
    - path: data/reports/v2/distribution.html
      hash: md5
      md5: ee16da8a248c209cb613b09d5f7ce1cd
      size: 20167
    - path: data/reports/v2/distribution_report.json
      hash: md5
      md5: e9e47cdbb0fbae6667622121663652f2
      size: 2061
  autolabel@v3:
    cmd: python scripts/20_autolabel.py --dataset v3
    deps:
    - path: configs/labeling.yaml
      hash: md5
      md5: f7e968708539005d53cb6201b80620ba
      size: 2128
    - path: data/raw/v3
      hash: md5
      md5: 65467e5c4fb4f7cd458fc74cf469dd20.dir
      size: 518378882
      nfiles: 5314
    - path: scripts/20_autolabel.py
      hash: md5
      md5: d64098c9c9c57f1ffcfe378a9a15d0f5
      size: 3901
    - path: src/driveloop/data/autolabel.py
      hash: md5
      md5: 6588e7d392d267c3f3668e91a2c2be29
      size: 10401
    - path: src/driveloop/data/geometry.py
      hash: md5
      md5: df3447395a5bdf65ce7d3c03b029726d
      size: 3132
    outs:
    - path: data/processed/v3/labels
      hash: md5
      md5: f3662b1c2fa54f60b0df47871b0a6e82.dir
      size: 1847856
      nfiles: 17
  metadata@v3:
    cmd: python scripts/22_build_metadata.py --dataset v3
    deps:
    - path: configs/qc.yaml
      hash: md5
      md5: 75a995c6155b5d31094291b0626d8d2f
      size: 548
    - path: data/processed/v3/labels
      hash: md5
      md5: f3662b1c2fa54f60b0df47871b0a6e82.dir
      size: 1847856
      nfiles: 17
    - path: data/raw/v3
      hash: md5
      md5: 65467e5c4fb4f7cd458fc74cf469dd20.dir
      size: 518378882
      nfiles: 5314
    - path: scripts/22_build_metadata.py
      hash: md5
      md5: 0136d8f0822e7e3a6478fb43f9c1708a
      size: 4344
    - path: src/driveloop/data/metadata.py
      hash: md5
      md5: 34a4fa20871657b4fded999e137618b2
      size: 7194
    outs:
    - path: data/processed/v3/frames.parquet
      hash: md5
      md5: 65a93592e9847031212da4ef1f730afd
      size: 133501
    - path: data/processed/v3/objects.parquet
      hash: md5
      md5: 81473f16373f0a5f2eeb914cd7fdeef7
      size: 148426
    - path: data/processed/v3/qc_report.json
      hash: md5
      md5: bf3313dbea5359d72e96d18ee369b773
      size: 659
  dedup@v3:
    cmd: python scripts/23_dedup.py --dataset v3 --samples 0
    deps:
    - path: configs/dedup.yaml
      hash: md5
      md5: 1b7bcd563d2e90eacb8d9d39ac754680
      size: 715
    - path: data/processed/v3/frames.parquet
      hash: md5
      md5: 65a93592e9847031212da4ef1f730afd
      size: 133501
    - path: scripts/23_dedup.py
      hash: md5
      md5: b0106932856bfbeac0098953a8769ca1
      size: 4088
    - path: src/driveloop/data/dedup.py
      hash: md5
      md5: badc68bbedcb2b1f0e7026eb36d3eaaa
      size: 2150
    outs:
    - path: data/processed/v3/dedup.parquet
      hash: md5
      md5: d6a054139dd9df388a57ba3ff89e1103
      size: 15841
    - path: data/processed/v3/dedup_report.json
      hash: md5
      md5: c7c32c57bf3410fbe7742db76f48ede4
      size: 771
  export_v3:
    cmd: python scripts/24_export_yolo.py --config configs/export/v3.yaml
    deps:
    - path: configs/export/v3.yaml
      hash: md5
      md5: 620b2517bd6143a982574f8eae0db161
      size: 1387
    - path: data/processed/v1/dedup.parquet
      hash: md5
      md5: 7b5fc8e4b673e5598701e0cfeb38a031
      size: 14407
    - path: data/processed/v1/frames.parquet
      hash: md5
      md5: 4a02b46fa77c17aadf81fa8bf56ab860
      size: 126670
    - path: data/processed/v1/labels
      hash: md5
      md5: 16e9de27dded14a23c1274e32097af83.dir
      size: 1743888
      nfiles: 17
    - path: data/processed/v1/objects.parquet
      hash: md5
      md5: de7c4c28f8cf99eefb448b71f83bec7d
      size: 146525
    - path: data/processed/v2/dedup.parquet
      hash: md5
      md5: 365bc43fd8cf54dd2748b26ff0698b7f
      size: 20328
    - path: data/processed/v2/frames.parquet
      hash: md5
      md5: bb336890ae92660efa208cfb619d5806
      size: 183714
    - path: data/processed/v2/labels
      hash: md5
      md5: 2015f14c290cc09646729fa03404d31b.dir
      size: 4631405
      nfiles: 25
    - path: data/processed/v2/objects.parquet
      hash: md5
      md5: 6208f0ee7ad5dd675fdcaf99ac6a85cf
      size: 284300
    - path: data/processed/v3/dedup.parquet
      hash: md5
      md5: a81c858c1ba00953c569a3a609af66c5
      size: 15859
    - path: data/processed/v3/frames.parquet
      hash: md5
      md5: a61bbac89c369bff51a8aaad9269a188
      size: 131687
    - path: data/processed/v3/labels
      hash: md5
      md5: facb0d4f1d267e3d152cf331897a8dc9.dir
      size: 1838545
      nfiles: 17
    - path: data/processed/v3/objects.parquet
      hash: md5
      md5: a07a9c8c1726a78afcb1676957a2a3de
      size: 148337
    - path: data/raw/v1
      hash: md5
      md5: 71bd60df4924e3351b02128789f6e996.dir
      size: 448055994
      nfiles: 4832
    - path: data/raw/v2
      hash: md5
      md5: 9bc5ce4dfffe410ae85f139338021827.dir
      size: 796698245
      nfiles: 8356
    - path: data/raw/v3
      hash: md5
      md5: 65467e5c4fb4f7cd458fc74cf469dd20.dir
      size: 518378882
      nfiles: 5314
    - path: scripts/24_export_yolo.py
      hash: md5
      md5: dced3665b456ff9c702de2e8ca5f6a73
      size: 7090
    - path: src/driveloop/data/export.py
      hash: md5
      md5: ea2eea3b2dfb6555765d641d65fa14c3
      size: 2110
    outs:
    - path: data/datasets/v3
      hash: md5
      md5: 6b1132d8d27b58f645d382a6996b4988.dir
      size: 1054814942
      nfiles: 11175
  report@v3:
    cmd: python scripts/25_distribution_report.py --dataset v3 --config 
      configs/report.yaml
    deps:
    - path: configs/report.yaml
      hash: md5
      md5: 4846f89cbb325c20efff7a9b1427151c
      size: 777
    - path: data/datasets/v3
      hash: md5
      md5: 6b1132d8d27b58f645d382a6996b4988.dir
      size: 1054814942
      nfiles: 11175
    - path: scripts/25_distribution_report.py
      hash: md5
      md5: 04cff24b240259425097d51ec0d7aabe
      size: 14113
    outs:
    - path: data/reports/v3/distribution.html
      hash: md5
      md5: 37740c9827223bcc0318f7e240407bc3
      size: 20025
    - path: data/reports/v3/distribution_report.json
      hash: md5
      md5: c6d03175fbee479ea556693ebd23f574
      size: 1667
  autolabel@v4:
    cmd: python scripts/20_autolabel.py --dataset v4
    deps:
    - path: configs/labeling.yaml
      hash: md5
      md5: f7e968708539005d53cb6201b80620ba
      size: 2128
    - path: data/raw/v4
      hash: md5
      md5: 0f8fc0f6f80bb2980f84f08eed200840.dir
      size: 1244453137
      nfiles: 13130
    - path: scripts/20_autolabel.py
      hash: md5
      md5: d64098c9c9c57f1ffcfe378a9a15d0f5
      size: 3901
    - path: src/driveloop/data/autolabel.py
      hash: md5
      md5: 6588e7d392d267c3f3668e91a2c2be29
      size: 10401
    - path: src/driveloop/data/geometry.py
      hash: md5
      md5: df3447395a5bdf65ce7d3c03b029726d
      size: 3132
    outs:
    - path: data/processed/v4/labels
      hash: md5
      md5: 3a079aa844cf30b1b6238544096bef5a.dir
      size: 7656754
      nfiles: 41
  metadata@v4:
    cmd: python scripts/22_build_metadata.py --dataset v4
    deps:
    - path: configs/qc.yaml
      hash: md5
      md5: 75a995c6155b5d31094291b0626d8d2f
      size: 548
    - path: data/processed/v4/labels
      hash: md5
      md5: 3a079aa844cf30b1b6238544096bef5a.dir
      size: 7656754
      nfiles: 41
    - path: data/raw/v4
      hash: md5
      md5: 0f8fc0f6f80bb2980f84f08eed200840.dir
      size: 1244453137
      nfiles: 13130
    - path: scripts/22_build_metadata.py
      hash: md5
      md5: 0136d8f0822e7e3a6478fb43f9c1708a
      size: 4344
    - path: src/driveloop/data/metadata.py
      hash: md5
      md5: 34a4fa20871657b4fded999e137618b2
      size: 7194
    outs:
    - path: data/processed/v4/frames.parquet
      hash: md5
      md5: ce6ef4f596dd4acef0d5f40dc39c4701
      size: 324819
    - path: data/processed/v4/objects.parquet
      hash: md5
      md5: 9738b830a8d7a6db5b26263a98e3697a
      size: 543520
    - path: data/processed/v4/qc_report.json
      hash: md5
      md5: c14a32df899a9d123f0beec00aef23bb
      size: 685
  dedup@v4:
    cmd: python scripts/23_dedup.py --dataset v4 --samples 0
    deps:
    - path: configs/dedup.yaml
      hash: md5
      md5: 1b7bcd563d2e90eacb8d9d39ac754680
      size: 715
    - path: data/processed/v4/frames.parquet
      hash: md5
      md5: ce6ef4f596dd4acef0d5f40dc39c4701
      size: 324819
    - path: scripts/23_dedup.py
      hash: md5
      md5: b0106932856bfbeac0098953a8769ca1
      size: 4088
    - path: src/driveloop/data/dedup.py
      hash: md5
      md5: badc68bbedcb2b1f0e7026eb36d3eaaa
      size: 2150
    outs:
    - path: data/processed/v4/dedup.parquet
      hash: md5
      md5: b2184def17f84384a22cc0259c7113a4
      size: 29770
    - path: data/processed/v4/dedup_report.json
      hash: md5
      md5: 74b83867185c1896a35f8372e41ce9b5
      size: 785
  export_v4:
    cmd: python scripts/24_export_yolo.py --config configs/export/v4.yaml
    deps:
    - path: configs/export/v4.yaml
      hash: md5
      md5: 235de2eb3c2494c2541dbd60159d3f35
      size: 1561
    - path: data/processed/v1/dedup.parquet
      hash: md5
      md5: 0c3f298337ab9fd46a1b861d0b7bbcab
      size: 14413
    - path: data/processed/v1/frames.parquet
      hash: md5
      md5: da923763167940f907b3180b07411231
      size: 128503
    - path: data/processed/v1/labels
      hash: md5
      md5: 8b4d5669625d47d3bd713057242c03ac.dir
      size: 1758201
      nfiles: 17
    - path: data/processed/v1/objects.parquet
      hash: md5
      md5: 0d07516086247410f634b10fa76390cb
      size: 154405
    - path: data/processed/v2/dedup.parquet
      hash: md5
      md5: 1e291e512c4049518eea20bc251430bf
      size: 20333
    - path: data/processed/v2/frames.parquet
      hash: md5
      md5: cad3416622b9c045af70c0247b0ce7aa
      size: 185627
    - path: data/processed/v2/labels
      hash: md5
      md5: 17d842b40336d01e7242c456fe8cbacc.dir
      size: 4638809
      nfiles: 25
    - path: data/processed/v2/objects.parquet
      hash: md5
      md5: d472734ee385e769ba63b1c035ee66ed
      size: 300811
    - path: data/processed/v3/dedup.parquet
      hash: md5
      md5: d6a054139dd9df388a57ba3ff89e1103
      size: 15841
    - path: data/processed/v3/frames.parquet
      hash: md5
      md5: 65a93592e9847031212da4ef1f730afd
      size: 133501
    - path: data/processed/v3/labels
      hash: md5
      md5: f3662b1c2fa54f60b0df47871b0a6e82.dir
      size: 1847856
      nfiles: 17
    - path: data/processed/v3/objects.parquet
      hash: md5
      md5: 81473f16373f0a5f2eeb914cd7fdeef7
      size: 148426
    - path: data/processed/v4/dedup.parquet
      hash: md5
      md5: b2184def17f84384a22cc0259c7113a4
      size: 29770
    - path: data/processed/v4/frames.parquet
      hash: md5
      md5: ce6ef4f596dd4acef0d5f40dc39c4701
      size: 324819
    - path: data/processed/v4/labels
      hash: md5
      md5: 3a079aa844cf30b1b6238544096bef5a.dir
      size: 7656754
      nfiles: 41
    - path: data/processed/v4/objects.parquet
      hash: md5
      md5: 9738b830a8d7a6db5b26263a98e3697a
      size: 543520
    - path: data/raw/v1
      hash: md5
      md5: 71bd60df4924e3351b02128789f6e996.dir
      size: 448055994
      nfiles: 4832
    - path: data/raw/v2
      hash: md5
      md5: 9bc5ce4dfffe410ae85f139338021827.dir
      size: 796698245
      nfiles: 8356
    - path: data/raw/v3
      hash: md5
      md5: 65467e5c4fb4f7cd458fc74cf469dd20.dir
      size: 518378882
      nfiles: 5314
    - path: data/raw/v4
      hash: md5
      md5: 0f8fc0f6f80bb2980f84f08eed200840.dir
      size: 1244453137
      nfiles: 13130
    - path: scripts/24_export_yolo.py
      hash: md5
      md5: 3e409e7e27f7050b48c76ced74e36b60
      size: 7213
    - path: src/driveloop/data/export.py
      hash: md5
      md5: ea2eea3b2dfb6555765d641d65fa14c3
      size: 2110
    outs:
    - path: data/datasets/v4
      hash: md5
      md5: ddd85afab17fc5f0acfa4ce6cbb23114.dir
      size: 1962237323
      nfiles: 20821
  report@v4:
    cmd: python scripts/25_distribution_report.py --dataset v4 --config 
      configs/report.yaml
    deps:
    - path: configs/report.yaml
      hash: md5
      md5: 4846f89cbb325c20efff7a9b1427151c
      size: 777
    - path: data/datasets/v4
      hash: md5
      md5: ddd85afab17fc5f0acfa4ce6cbb23114.dir
      size: 1962237323
      nfiles: 20821
    - path: scripts/25_distribution_report.py
      hash: md5
      md5: 7d49d07c0e988e16761667d7a486abab
      size: 14239
    outs:
    - path: data/reports/v4/distribution.html
      hash: md5
      md5: 02c8a1f8561efca6ce5eaa90f4d68138
      size: 23802
    - path: data/reports/v4/distribution_report.json
      hash: md5
      md5: 249f437db13d37dc45f22dbd5ee1570b
      size: 1713
